
Microsoft Visual Studio Solution File, Format Version 12.00
# Visual Studio Version 17
VisualStudioVersion = 17.11.35222.181
MinimumVisualStudioVersion = 10.0.40219.1
Project("{8BC9CEB8-8B4A-11D0-8D11-00A0C91BC942}") = "Lab_10.3", "Lab_10.3\Lab_10.3.vcxproj", "{CE48CDA3-3A17-448E-9B27-BA0700730CCF}"
EndProject
Project("{8BC9CEB8-8B4A-11D0-8D11-00A0C91BC942}") = "UnitTest10.3", "UnitTest10.3\UnitTest10.3.vcxproj", "{3FB9C8CC-120B-4AFE-ABBA-94BF51831A64}"
EndProject
Global
	GlobalSection(SolutionConfigurationPlatforms) = preSolution
		Debug|x64 = Debug|x64
		Debug|x86 = Debug|x86
		Release|x64 = Release|x64
		Release|x86 = Release|x86
	EndGlobalSection
	GlobalSection(ProjectConfigurationPlatforms) = postSolution
		{CE48CDA3-3A17-448E-9B27-BA0700730CCF}.Debug|x64.ActiveCfg = Debug|x64
		{CE48CDA3-3A17-448E-9B27-BA0700730CCF}.Debug|x64.Build.0 = Debug|x64
		{CE48CDA3-3A17-448E-9B27-BA0700730CCF}.Debug|x86.ActiveCfg = Debug|Win32
		{CE48CDA3-3A17-448E-9B27-BA0700730CCF}.Debug|x86.Build.0 = Debug|Win32
		{CE48CDA3-3A17-448E-9B27-BA0700730CCF}.Release|x64.ActiveCfg = Release|x64
		{CE48CDA3-3A17-448E-9B27-BA0700730CCF}.Release|x64.Build.0 = Release|x64
		{CE48CDA3-3A17-448E-9B27-BA0700730CCF}.Release|x86.ActiveCfg = Release|Win32
		{CE48CDA3-3A17-448E-9B27-BA0700730CCF}.Release|x86.Build.0 = Release|Win32
		{3FB9C8CC-120B-4AFE-ABBA-94BF51831A64}.Debug|x64.ActiveCfg = Debug|x64
		{3FB9C8CC-120B-4AFE-ABBA-94BF51831A64}.Debug|x64.Build.0 = Debug|x64
		{3FB9C8CC-120B-4AFE-ABBA-94BF51831A64}.Debug|x86.ActiveCfg = Debug|Win32
		{3FB9C8CC-120B-4AFE-ABBA-94BF51831A64}.Debug|x86.Build.0 = Debug|Win32
		{3FB9C8CC-120B-4AFE-ABBA-94BF51831A64}.Release|x64.ActiveCfg = Release|x64
		{3FB9C8CC-120B-4AFE-ABBA-94BF51831A64}.Release|x64.Build.0 = Release|x64
		{3FB9C8CC-120B-4AFE-ABBA-94BF51831A64}.Release|x86.ActiveCfg = Release|Win32
		{3FB9C8CC-120B-4AFE-ABBA-94BF51831A64}.Release|x86.Build.0 = Release|Win32
	EndGlobalSection
	GlobalSection(SolutionProperties) = preSolution
		HideSolutionNode = FALSE
	EndGlobalSection
	GlobalSection(ExtensibilityGlobals) = postSolution
		SolutionGuid = {0A6847E1-A8B5-4407-B410-7EB9F997CE2C}
	EndGlobalSection
EndGlobal
